
Microsoft Visual Studio Solution File, Format Version 12.00
# Visual Studio 15
VisualStudioVersion = 15.0.28307.539
MinimumVisualStudioVersion = 10.0.40219.1
Project("{9A19103F-16F7-4668-BE54-9A1E7A4F7556}") = "Louis", "Louis\Louis.csproj", "{4E7F75B8-3E60-466E-92DE-5AA7788233CA}"
EndProject
Project("{FAE04EC0-301F-11D3-BF4B-00C04F79EFBC}") = "LouisTests", "LouisTests\LouisTests.csproj", "{0605BB5E-31F2-4F61-910D-06CFE38A83F1}"
EndProject
Global
	GlobalSection(SolutionConfigurationPlatforms) = preSolution
		Debug|Any CPU = Debug|Any CPU
		Release|Any CPU = Release|Any CPU
	EndGlobalSection
	GlobalSection(ProjectConfigurationPlatforms) = postSolution
		{4E7F75B8-3E60-466E-92DE-5AA7788233CA}.Debug|Any CPU.ActiveCfg = Debug|Any CPU
		{4E7F75B8-3E60-466E-92DE-5AA7788233CA}.Debug|Any CPU.Build.0 = Debug|Any CPU
		{4E7F75B8-3E60-466E-92DE-5AA7788233CA}.Release|Any CPU.ActiveCfg = Release|Any CPU
		{4E7F75B8-3E60-466E-92DE-5AA7788233CA}.Release|Any CPU.Build.0 = Release|Any CPU
		{0605BB5E-31F2-4F61-910D-06CFE38A83F1}.Debug|Any CPU.ActiveCfg = Debug|Any CPU
		{0605BB5E-31F2-4F61-910D-06CFE38A83F1}.Debug|Any CPU.Build.0 = Debug|Any CPU
		{0605BB5E-31F2-4F61-910D-06CFE38A83F1}.Release|Any CPU.ActiveCfg = Release|Any CPU
		{0605BB5E-31F2-4F61-910D-06CFE38A83F1}.Release|Any CPU.Build.0 = Release|Any CPU
	EndGlobalSection
	GlobalSection(SolutionProperties) = preSolution
		HideSolutionNode = FALSE
	EndGlobalSection
	GlobalSection(ExtensibilityGlobals) = postSolution
		SolutionGuid = {0B28EB0E-AE42-47D3-B6B2-D12B061610FF}
	EndGlobalSection
EndGlobal
